schema: '2.0'
stages:
  data_cleaning:
    cmd: python src/data/data_cleaning.py
    deps:
    - path: data/raw/swiggy.csv
      hash: md5
      md5: 0b050b37dfe6cfbfaa18d7cb4e454377
      size: 7772212
    - path: src/data/data_cleaning.py
      hash: md5
      md5: 2162dc1c881b68da95f5cdc132108c3b
      size: 9521
    outs:
    - path: data/cleaned/swiggy_cleaned.csv
      hash: md5
      md5: 4918716e52fc57babdcd400dfb3c3f29
      size: 4508527
  data_preparation:
    cmd: python src/data/data_preparation.py
    deps:
    - path: data/cleaned/swiggy_cleaned.csv
      hash: md5
      md5: 4918716e52fc57babdcd400dfb3c3f29
      size: 4508527
    - path: src/data/data_preparation.py
      hash: md5
      md5: 545f6ce3b6ec2ffe1b3c33678dd19c07
      size: 3009
    params:
      params.yaml:
        Data_Preparation.random_state: 27
        Data_Preparation.test_size: 0.25
    outs:
    - path: data/interim/test.csv
      hash: md5
      md5: 62a35e09c866da2b7410fb27dbb63894
      size: 1127511
    - path: data/interim/train.csv
      hash: md5
      md5: 9f3f15d57eb44665a6a0c43c5ff6be1f
      size: 3378058
  data_preprocessing:
    cmd: python src/features/data_preprocessing.py
    deps:
    - path: data/interim/test.csv
      hash: md5
      md5: 62a35e09c866da2b7410fb27dbb63894
      size: 1127511
    - path: data/interim/train.csv
      hash: md5
      md5: 9f3f15d57eb44665a6a0c43c5ff6be1f
      size: 3378058
    - path: src/features/data_preprocessing.py
      hash: md5
      md5: a6df553cf1ca7146d51b059f183847a3
      size: 6934
    outs:
    - path: data/processed/test_trans.csv
      hash: md5
      md5: 0ab6f3604c2cada3a391ed2e03eaf2bf
      size: 1360238
    - path: data/processed/train_trans.csv
      hash: md5
      md5: bf0cc5d6028c8a766b19a136b6f57054
      size: 4058495
    - path: models/preprocessor.joblib
      hash: md5
      md5: 44e46035d754e72d132f3d25497998c3
      size: 7243
  train:
    cmd: python src/models/train.py
    deps:
    - path: data/processed/train_trans.csv
      hash: md5
      md5: bf0cc5d6028c8a766b19a136b6f57054
      size: 4058495
    - path: src/models/train.py
      hash: md5
      md5: 5a39302ebaaa33312c4abcd9e87ab812
      size: 4933
    params:
      params.yaml:
        Train.LightGBM:
          n_estimators: 154
          max_depth: 27
          learning_rate: 0.22234435854395157
          subsample: 0.7592213724048168
          min_child_weight: 20
          min_split_gain: 0.004604680609280751
          reg_lambda: 97.81002379097947
          n_jobs: -1
        Train.xgb_reg:
          learning_rate: 0.2183707966120368
          n_estimators: 265
          max_depth: 21
          subsample: 0.7768342594348248
          colsample_bytree: 0.9361238823430689
          max_features: None
          min_child_weight: 4
          gamma: 0.16584949312030506
          reg_alpha: 3.1403941966322835
          reg_lambda: 0.5735320119308795
          n_jobs: -1
    outs:
    - path: models/model.joblib
      hash: md5
      md5: 837334662434f1edbd416fdecba1cc82
      size: 1278248
    - path: models/power_transformer.joblib
      hash: md5
      md5: 9a3f1f154e16765ac873f13ea9c39adf
      size: 837
    - path: models/stacking_regressor.joblib
      hash: md5
      md5: 87b6bf21308982a7182697fafa5dc2de
      size: 1274314
  evaluation:
    cmd: python src/models/evaluation.py
    deps:
    - path: data/processed/test_trans.csv
      hash: md5
      md5: 0ab6f3604c2cada3a391ed2e03eaf2bf
      size: 1360238
    - path: data/processed/train_trans.csv
      hash: md5
      md5: bf0cc5d6028c8a766b19a136b6f57054
      size: 4058495
    - path: models/model.joblib
      hash: md5
      md5: 837334662434f1edbd416fdecba1cc82
      size: 1278248
    - path: src/models/evaluation.py
      hash: md5
      md5: 1ab6929c7e0ac698bf18ead015bb9bc2
      size: 6057
    outs:
    - path: run_information.json
      hash: md5
      md5: bfdf9b1e07928d693cbd24273a0e9aa0
      size: 220
  register_model:
    cmd: python src/models/register_model.py
    deps:
    - path: run_information.json
      hash: md5
      md5: bfdf9b1e07928d693cbd24273a0e9aa0
      size: 220
    - path: src/models/register_model.py
      hash: md5
      md5: 4797efa6be22df3ec1a9ceb940fdf98e
      size: 2142
